{
  "name": "hono-benchmark-app",
  "version": "0.0.0",
  "lockfileVersion": 3,
  "requires": true,
  "packages": {
    "": {
      "name": "hono-benchmark-app",
      "version": "0.0.0",
      "dependencies": {
        "@hono/node-server": "2.0.11",
        "hono": "4.12.32"
      }
    },
    "node_modules/@hono/node-server": {
      "version": "2.0.11",
      "resolved": "https://registry.npmjs.org/@hono/node-server/-/node-server-2.0.11.tgz",
      "integrity": "sha512-bjD221KPLoJTWUwso1J6fGKiTXEUFedG/s0visavY4zakFPkeGURMRNly+FhBHs7T8Dz4qHaZIMX9ZoJHSJtKA==",
      "license": "MIT",
      "engines": {
        "node": ">=20"
      },
      "peerDependencies": {
        "hono": "^4"
      }
    },
    "node_modules/hono": {
      "version": "4.12.32",
      "resolved": "https://registry.npmjs.org/hono/-/hono-4.12.32.tgz",
      "integrity": "sha512-XcuyW9qE2kJn07PkecMOBd5Vq/hMy7mmGw+idz1yblbg9N17ijJODrvPkn7/dwL3Kulj8LcRJ69DLOWf91dRUg==",
      "license": "MIT",
      "engines": {
        "node": ">=16.9.0"
      }
    }
  }
}
